{
  "name": "skc_srinivasa_pythontutor",
  "lockfileVersion": 3,
  "requires": true,
  "packages": {
    "": {
      "dependencies": {
        "@radix-ui/react-dropdown-menu": "^1.0.0",
        "class-variance-authority": "^0.7.0",
        "next": "^14.1.0",
        "openai": "^4.0.0",
        "react": "^18.2.0",
        "react-dom": "^18.2.0",
        "tailwind-merge": "^2.0.0"
      }
    },
    "node_modules/@babel/runtime": {
      "version": "7.26.7",
      "resolved": "https://registry.npmjs.org/@babel/runtime/-/runtime-7.26.7.tgz",
      "integrity": "sha512-AOPI3D+a8dXnja+iwsUqGRjr1BbZIe771sXdapOtYI531gSqpi92vXivKcq2asu/DFpdl1ceFAKZyRzK2PCVcQ==",
      "license": "MIT",
      "dependencies": {
        "regenerator-runtime": "^0.14.0"
      },
      "engines": {
        "node": ">=6.9.0"
      }
    },
    "node_modules/@floating-ui/core": {
      "version": "0.7.3",
      "resolved": "https://registry.npmjs.org/@floating-ui/core/-/core-0.7.3.tgz",
      "integrity": "sha512-buc8BXHmG9l82+OQXOFU3Kr2XQx9ys01U/Q9HMIrZ300iLc8HLMgh7dcCqgYzAzf4BkoQvDcXf5Y+CuEZ5JBYg==",
      "license": "MIT"
    },
    "node_modules/@floating-ui/dom": {
      "version": "0.5.4",
      "resolved": "https://registry.npmjs.org/@floating-ui/dom/-/dom-0.5.4.tgz",
      "integrity": "sha512-419BMceRLq0RrmTSDxn8hf9R3VCJv2K9PUfugh5JyEFmdjzDo+e8U5EdR8nzKq8Yj1htzLm3b6eQEEam3/rrtg==",
      "license": "MIT",
      "dependencies": {
        "@floating-ui/core": "^0.7.3"
      }
    },
    "node_modules/@floating-ui/react-dom": {
      "version": "0.7.2",
      "resolved": "https://registry.npmjs.org/@floating-ui/react-dom/-/react-dom-0.7.2.tgz",
      "integrity": "sha512-1T0sJcpHgX/u4I1OzIEhlcrvkUN8ln39nz7fMoE/2HDHrPiMFoOGR7++GYyfUmIQHkkrTinaeQsO3XWubjSvGg==",
      "license": "MIT",
      "dependencies": {
        "@floating-ui/dom": "^0.5.3",
        "use-isomorphic-layout-effect": "^1.1.1"
      },
      "peerDependencies": {
        "react": ">=16.8.0",
        "react-dom": ">=16.8.0"
      }
    },
    "node_modules/@next/env": {
      "version": "14.2.23",
      "resolved": "https://registry.npmjs.org/@next/env/-/env-14.2.23.tgz",
      "integrity": "sha512-CysUC9IO+2Bh0omJ3qrb47S8DtsTKbFidGm6ow4gXIG6reZybqxbkH2nhdEm1tC8SmgzDdpq3BIML0PWsmyUYA==",
      "license": "MIT"
    },
    "node_modules/@next/swc-darwin-arm64": {
      "version": "14.2.23",
      "resolved": "https://registry.npmjs.org/@next/swc-darwin-arm64/-/swc-darwin-arm64-14.2.23.tgz",
      "integrity": "sha512-WhtEntt6NcbABA8ypEoFd3uzq5iAnrl9AnZt9dXdO+PZLACE32z3a3qA5OoV20JrbJfSJ6Sd6EqGZTrlRnGxQQ==",
      "cpu": [
        "arm64"
      ],
      "license": "MIT",
      "optional": true,
      "os": [
        "darwin"
      ],
      "engines": {
        "node": ">= 10"
      }
    },
    "node_modules/@next/swc-darwin-x64": {
      "version": "14.2.23",
      "resolved": "https://registry.npmjs.org/@next/swc-darwin-x64/-/swc-darwin-x64-14.2.23.tgz",
      "integrity": "sha512-vwLw0HN2gVclT/ikO6EcE+LcIN+0mddJ53yG4eZd0rXkuEr/RnOaMH8wg/sYl5iz5AYYRo/l6XX7FIo6kwbw1Q==",
      "cpu": [
        "x64"
      ],
      "license": "MIT",
      "optional": true,
      "os": [
        "darwin"
      ],
      "engines": {
        "node": ">= 10"
      }
    },
    "node_modules/@next/swc-linux-arm64-gnu": {
      "version": "14.2.23",
      "resolved": "https://registry.npmjs.org/@next/swc-linux-arm64-gnu/-/swc-linux-arm64-gnu-14.2.23.tgz",
      "integrity": "sha512-uuAYwD3At2fu5CH1wD7FpP87mnjAv4+DNvLaR9kiIi8DLStWSW304kF09p1EQfhcbUI1Py2vZlBO2VaVqMRtpg==",
      "cpu": [
        "arm64"
      ],
      "license": "MIT",
      "optional": true,
      "os": [
        "linux"
      ],
      "engines": {
        "node": ">= 10"
      }
    },
    "node_modules/@next/swc-linux-arm64-musl": {
      "version": "14.2.23",
      "resolved": "https://registry.npmjs.org/@next/swc-linux-arm64-musl/-/swc-linux-arm64-musl-14.2.23.tgz",
      "integrity": "sha512-Mm5KHd7nGgeJ4EETvVgFuqKOyDh+UMXHXxye6wRRFDr4FdVRI6YTxajoV2aHE8jqC14xeAMVZvLqYqS7isHL+g==",
      "cpu": [
        "arm64"
      ],
      "license": "MIT",
      "optional": true,
      "os": [
        "linux"
      ],
      "engines": {
        "node": ">= 10"
      }
    },
    "node_modules/@next/swc-linux-x64-gnu": {
      "version": "14.2.23",
      "resolved": "https://registry.npmjs.org/@next/swc-linux-x64-gnu/-/swc-linux-x64-gnu-14.2.23.tgz",
      "integrity": "sha512-Ybfqlyzm4sMSEQO6lDksggAIxnvWSG2cDWnG2jgd+MLbHYn2pvFA8DQ4pT2Vjk3Cwrv+HIg7vXJ8lCiLz79qoQ==",
      "cpu": [
        "x64"
      ],
      "license": "MIT",
      "optional": true,
      "os": [
        "linux"
      ],
      "engines": {
        "node": ">= 10"
      }
    },
    "node_modules/@next/swc-linux-x64-musl": {
      "version": "14.2.23",
      "resolved": "https://registry.npmjs.org/@next/swc-linux-x64-musl/-/swc-linux-x64-musl-14.2.23.tgz",
      "integrity": "sha512-OSQX94sxd1gOUz3jhhdocnKsy4/peG8zV1HVaW6DLEbEmRRtUCUQZcKxUD9atLYa3RZA+YJx+WZdOnTkDuNDNA==",
      "cpu": [
        "x64"
      ],
      "license": "MIT",
      "optional": true,
      "os": [
        "linux"
      ],
      "engines": {
        "node": ">= 10"
      }
    },
    "node_modules/@next/swc-win32-arm64-msvc": {
      "version": "14.2.23",
      "resolved": "https://registry.npmjs.org/@next/swc-win32-arm64-msvc/-/swc-win32-arm64-msvc-14.2.23.tgz",
      "integrity": "sha512-ezmbgZy++XpIMTcTNd0L4k7+cNI4ET5vMv/oqNfTuSXkZtSA9BURElPFyarjjGtRgZ9/zuKDHoMdZwDZIY3ehQ==",
      "cpu": [
        "arm64"
      ],
      "license": "MIT",
      "optional": true,
      "os": [
        "win32"
      ],
      "engines": {
        "node": ">= 10"
      }
    },
    "node_modules/@next/swc-win32-ia32-msvc": {
      "version": "14.2.23",
      "resolved": "https://registry.npmjs.org/@next/swc-win32-ia32-msvc/-/swc-win32-ia32-msvc-14.2.23.tgz",
      "integrity": "sha512-zfHZOGguFCqAJ7zldTKg4tJHPJyJCOFhpoJcVxKL9BSUHScVDnMdDuOU1zPPGdOzr/GWxbhYTjyiEgLEpAoFPA==",
      "cpu": [
        "ia32"
      ],
      "license": "MIT",
      "optional": true,
      "os": [
        "win32"
      ],
      "engines": {
        "node": ">= 10"
      }
    },
    "node_modules/@next/swc-win32-x64-msvc": {
      "version": "14.2.23",
      "resolved": "https://registry.npmjs.org/@next/swc-win32-x64-msvc/-/swc-win32-x64-msvc-14.2.23.tgz",
      "integrity": "sha512-xCtq5BD553SzOgSZ7UH5LH+OATQihydObTrCTvVzOro8QiWYKdBVwcB2Mn2MLMo6DGW9yH1LSPw7jS7HhgJgjw==",
      "cpu": [
        "x64"
      ],
      "license": "MIT",
      "optional": true,
      "os": [
        "win32"
      ],
      "engines": {
        "node": ">= 10"
      }
    },
    "node_modules/@radix-ui/primitive": {
      "version": "1.0.0",
      "resolved": "https://registry.npmjs.org/@radix-ui/primitive/-/primitive-1.0.0.tgz",
      "integrity": "sha512-3e7rn8FDMin4CgeL7Z/49smCA3rFYY3Ha2rUQ7HRWFadS5iCRw08ZgVT1LaNTCNqgvrUiyczLflrVrF0SRQtNA==",
      "license": "MIT",
      "dependencies": {
        "@babel/runtime": "^7.13.10"
      }
    },
    "node_modules/@radix-ui/react-arrow": {
      "version": "1.0.0",
      "resolved": "https://registry.npmjs.org/@radix-ui/react-arrow/-/react-arrow-1.0.0.tgz",
      "integrity": "sha512-1MUuv24HCdepi41+qfv125EwMuxgQ+U+h0A9K3BjCO/J8nVRREKHHpkD9clwfnjEDk9hgGzCnff4aUKCPiRepw==",
      "license": "MIT",
      "dependencies": {
        "@babel/runtime": "^7.13.10",
        "@radix-ui/react-primitive": "1.0.0"
      },
      "peerDependencies": {
        "react": "^16.8 || ^17.0 || ^18.0",
        "react-dom": "^16.8 || ^17.0 || ^18.0"
      }
    },
    "node_modules/@radix-ui/react-collection": {
      "version": "1.0.0",
      "resolved": "https://registry.npmjs.org/@radix-ui/react-collection/-/react-collection-1.0.0.tgz",
      "integrity": "sha512-8i1pf5dKjnq90Z8udnnXKzdCEV3/FYrfw0n/b6NvB6piXEn3fO1bOh7HBcpG8XrnIXzxlYu2oCcR38QpyLS/mg==",
      "license": "MIT",
      "dependencies": {
        "@babel/runtime": "^7.13.10",
        "@radix-ui/react-compose-refs": "1.0.0",
        "@radix-ui/react-context": "1.0.0",
        "@radix-ui/react-primitive": "1.0.0",
        "@radix-ui/react-slot": "1.0.0"
      },
      "peerDependencies": {
        "react": "^16.8 || ^17.0 || ^18.0",
        "react-dom": "^16.8 || ^17.0 || ^18.0"
      }
    },
    "node_modules/@radix-ui/react-compose-refs": {
      "version": "1.0.0",
      "resolved": "https://registry.npmjs.org/@radix-ui/react-compose-refs/-/react-compose-refs-1.0.0.tgz",
      "integrity": "sha512-0KaSv6sx787/hK3eF53iOkiSLwAGlFMx5lotrqD2pTjB18KbybKoEIgkNZTKC60YECDQTKGTRcDBILwZVqVKvA==",
      "license": "MIT",
      "dependencies": {
        "@babel/runtime": "^7.13.10"
      },
      "peerDependencies": {
        "react": "^16.8 || ^17.0 || ^18.0"
      }
    },
    "node_modules/@radix-ui/react-context": {
      "version": "1.0.0",
      "resolved": "https://registry.npmjs.org/@radix-ui/react-context/-/react-context-1.0.0.tgz",
      "integrity": "sha512-1pVM9RfOQ+n/N5PJK33kRSKsr1glNxomxONs5c49MliinBY6Yw2Q995qfBUUo0/Mbg05B/sGA0gkgPI7kmSHBg==",
      "license": "MIT",
      "dependencies": {
        "@babel/runtime": "^7.13.10"
      },
      "peerDependencies": {
        "react": "^16.8 || ^17.0 || ^18.0"
      }
    },
    "node_modules/@radix-ui/react-direction": {
      "version": "1.0.0",
      "resolved": "https://registry.npmjs.org/@radix-ui/react-direction/-/react-direction-1.0.0.tgz",
      "integrity": "sha512-2HV05lGUgYcA6xgLQ4BKPDmtL+QbIZYH5fCOTAOOcJ5O0QbWS3i9lKaurLzliYUDhORI2Qr3pyjhJh44lKA3rQ==",
      "license": "MIT",
      "dependencies": {
        "@babel/runtime": "^7.13.10"
      },
      "peerDependencies": {
        "react": "^16.8 || ^17.0 || ^18.0"
      }
    },
    "node_modules/@radix-ui/react-dismissable-layer": {
      "version": "1.0.0",
      "resolved": "https://registry.npmjs.org/@radix-ui/react-dismissable-layer/-/react-dismissable-layer-1.0.0.tgz",
      "integrity": "sha512-n7kDRfx+LB1zLueRDvZ1Pd0bxdJWDUZNQ/GWoxDn2prnuJKRdxsjulejX/ePkOsLi2tTm6P24mDqlMSgQpsT6g==",
      "license": "MIT",
      "dependencies": {
        "@babel/runtime": "^7.13.10",
        "@radix-ui/primitive": "1.0.0",
        "@radix-ui/react-compose-refs": "1.0.0",
        "@radix-ui/react-primitive": "1.0.0",
        "@radix-ui/react-use-callback-ref": "1.0.0",
        "@radix-ui/react-use-escape-keydown": "1.0.0"
      },
      "peerDependencies": {
        "react": "^16.8 || ^17.0 || ^18.0",
        "react-dom": "^16.8 || ^17.0 || ^18.0"
      }
    },
    "node_modules/@radix-ui/react-dropdown-menu": {
      "version": "1.0.0",
      "resolved": "https://registry.npmjs.org/@radix-ui/react-dropdown-menu/-/react-dropdown-menu-1.0.0.tgz",
      "integrity": "sha512-Ptben3TxPWrZLbInO7zjAK73kmjYuStsxfg6ujgt+EywJyREoibhZYnsSNqC+UiOtl4PdW/MOHhxVDtew5fouQ==",
      "license": "MIT",
      "dependencies": {
        "@babel/runtime": "^7.13.10",
        "@radix-ui/primitive": "1.0.0",
        "@radix-ui/react-compose-refs": "1.0.0",
        "@radix-ui/react-context": "1.0.0",
        "@radix-ui/react-id": "1.0.0",
        "@radix-ui/react-menu": "1.0.0",
        "@radix-ui/react-primitive": "1.0.0",
        "@radix-ui/react-use-controllable-state": "1.0.0"
      },
      "peerDependencies": {
        "react": "^16.8 || ^17.0 || ^18.0",
        "react-dom": "^16.8 || ^17.0 || ^18.0"
      }
    },
    "node_modules/@radix-ui/react-focus-guards": {
      "version": "1.0.0",
      "resolved": "https://registry.npmjs.org/@radix-ui/react-focus-guards/-/react-focus-guards-1.0.0.tgz",
      "integrity": "sha512-UagjDk4ijOAnGu4WMUPj9ahi7/zJJqNZ9ZAiGPp7waUWJO0O1aWXi/udPphI0IUjvrhBsZJGSN66dR2dsueLWQ==",
      "license": "MIT",
      "dependencies": {
        "@babel/runtime": "^7.13.10"
      },
      "peerDependencies": {
        "react": "^16.8 || ^17.0 || ^18.0"
      }
    },
    "node_modules/@radix-ui/react-focus-scope": {
      "version": "1.0.0",
      "resolved": "https://registry.npmjs.org/@radix-ui/react-focus-scope/-/react-focus-scope-1.0.0.tgz",
      "integrity": "sha512-C4SWtsULLGf/2L4oGeIHlvWQx7Rf+7cX/vKOAD2dXW0A1b5QXwi3wWeaEgW+wn+SEVrraMUk05vLU9fZZz5HbQ==",
      "license": "MIT",
      "dependencies": {
        "@babel/runtime": "^7.13.10",
        "@radix-ui/react-compose-refs": "1.0.0",
        "@radix-ui/react-primitive": "1.0.0",
        "@radix-ui/react-use-callback-ref": "1.0.0"
      },
      "peerDependencies": {
        "react": "^16.8 || ^17.0 || ^18.0",
        "react-dom": "^16.8 || ^17.0 || ^18.0"
      }
    },
    "node_modules/@radix-ui/react-id": {
      "version": "1.0.0",
      "resolved": "https://registry.npmjs.org/@radix-ui/react-id/-/react-id-1.0.0.tgz",
      "integrity": "sha512-Q6iAB/U7Tq3NTolBBQbHTgclPmGWE3OlktGGqrClPozSw4vkQ1DfQAOtzgRPecKsMdJINE05iaoDUG8tRzCBjw==",
      "license": "MIT",
      "dependencies": {
        "@babel/runtime": "^7.13.10",
        "@radix-ui/react-use-layout-effect": "1.0.0"
      },
      "peerDependencies": {
        "react": "^16.8 || ^17.0 || ^18.0"
      }
    },
    "node_modules/@radix-ui/react-menu": {
      "version": "1.0.0",
      "resolved": "https://registry.npmjs.org/@radix-ui/react-menu/-/react-menu-1.0.0.tgz",
      "integrity": "sha512-icW4C64T6nHh3Z4Q1fxO1RlSShouFF4UpUmPV8FLaJZfphDljannKErDuALDx4ClRLihAPZ9i+PrLNPoWS2DMA==",
      "license": "MIT",
      "dependencies": {
        "@babel/runtime": "^7.13.10",
        "@radix-ui/primitive": "1.0.0",
        "@radix-ui/react-collection": "1.0.0",
        "@radix-ui/react-compose-refs": "1.0.0",
        "@radix-ui/react-context": "1.0.0",
        "@radix-ui/react-direction": "1.0.0",
        "@radix-ui/react-dismissable-layer": "1.0.0",
        "@radix-ui/react-focus-guards": "1.0.0",
        "@radix-ui/react-focus-scope": "1.0.0",
        "@radix-ui/react-id": "1.0.0",
        "@radix-ui/react-popper": "1.0.0",
        "@radix-ui/react-portal": "1.0.0",
        "@radix-ui/react-presence": "1.0.0",
        "@radix-ui/react-primitive": "1.0.0",
        "@radix-ui/react-roving-focus": "1.0.0",
        "@radix-ui/react-slot": "1.0.0",
        "@radix-ui/react-use-callback-ref": "1.0.0",
        "aria-hidden": "^1.1.1",
        "react-remove-scroll": "2.5.4"
      },
      "peerDependencies": {
        "react": "^16.8 || ^17.0 || ^18.0",
        "react-dom": "^16.8 || ^17.0 || ^18.0"
      }
    },
    "node_modules/@radix-ui/react-popper": {
      "version": "1.0.0",
      "resolved": "https://registry.npmjs.org/@radix-ui/react-popper/-/react-popper-1.0.0.tgz",
      "integrity": "sha512-k2dDd+1Wl0XWAMs9ZvAxxYsB9sOsEhrFQV4CINd7IUZf0wfdye4OHen9siwxvZImbzhgVeKTJi68OQmPRvVdMg==",
      "license": "MIT",
      "dependencies": {
        "@babel/runtime": "^7.13.10",
        "@floating-ui/react-dom": "0.7.2",
        "@radix-ui/react-arrow": "1.0.0",
        "@radix-ui/react-compose-refs": "1.0.0",
        "@radix-ui/react-context": "1.0.0",
        "@radix-ui/react-primitive": "1.0.0",
        "@radix-ui/react-use-layout-effect": "1.0.0",
        "@radix-ui/react-use-rect": "1.0.0",
        "@radix-ui/react-use-size": "1.0.0",
        "@radix-ui/rect": "1.0.0"
      },
      "peerDependencies": {
        "react": "^16.8 || ^17.0 || ^18.0",
        "react-dom": "^16.8 || ^17.0 || ^18.0"
      }
    },
    "node_modules/@radix-ui/react-portal": {
      "version": "1.0.0",
      "resolved": "https://registry.npmjs.org/@radix-ui/react-portal/-/react-portal-1.0.0.tgz",
      "integrity": "sha512-a8qyFO/Xb99d8wQdu4o7qnigNjTPG123uADNecz0eX4usnQEj7o+cG4ZX4zkqq98NYekT7UoEQIjxBNWIFuqTA==",
      "license": "MIT",
      "dependencies": {
        "@babel/runtime": "^7.13.10",
        "@radix-ui/react-primitive": "1.0.0"
      },
      "peerDependencies": {
        "react": "^16.8 || ^17.0 || ^18.0",
        "react-dom": "^16.8 || ^17.0 || ^18.0"
      }
    },
    "node_modules/@radix-ui/react-presence": {
      "version": "1.0.0",
      "resolved": "https://registry.npmjs.org/@radix-ui/react-presence/-/react-presence-1.0.0.tgz",
      "integrity": "sha512-A+6XEvN01NfVWiKu38ybawfHsBjWum42MRPnEuqPsBZ4eV7e/7K321B5VgYMPv3Xx5An6o1/l9ZuDBgmcmWK3w==",
      "license": "MIT",
      "dependencies": {
        "@babel/runtime": "^7.13.10",
        "@radix-ui/react-compose-refs": "1.0.0",
        "@radix-ui/react-use-layout-effect": "1.0.0"
      },
      "peerDependencies": {
        "react": "^16.8 || ^17.0 || ^18.0",
        "react-dom": "^16.8 || ^17.0 || ^18.0"
      }
    },
    "node_modules/@radix-ui/react-primitive": {
      "version": "1.0.0",
      "resolved": "https://registry.npmjs.org/@radix-ui/react-primitive/-/react-primitive-1.0.0.tgz",
      "integrity": "sha512-EyXe6mnRlHZ8b6f4ilTDrXmkLShICIuOTTj0GX4w1rp+wSxf3+TD05u1UOITC8VsJ2a9nwHvdXtOXEOl0Cw/zQ==",
      "license": "MIT",
      "dependencies": {
        "@babel/runtime": "^7.13.10",
        "@radix-ui/react-slot": "1.0.0"
      },
      "peerDependencies": {
        "react": "^16.8 || ^17.0 || ^18.0",
        "react-dom": "^16.8 || ^17.0 || ^18.0"
      }
    },
    "node_modules/@radix-ui/react-roving-focus": {
      "version": "1.0.0",
      "resolved": "https://registry.npmjs.org/@radix-ui/react-roving-focus/-/react-roving-focus-1.0.0.tgz",
      "integrity": "sha512-lHvO4MhvoWpeNbiJAoyDsEtbKqP2jkkdwsMVJ3kfqbkC71J/aXE6Th6gkZA1xHEqSku+t+UgoDjvE7Z3gsBpcg==",
      "license": "MIT",
      "dependencies": {
        "@babel/runtime": "^7.13.10",
        "@radix-ui/primitive": "1.0.0",
        "@radix-ui/react-collection": "1.0.0",
        "@radix-ui/react-compose-refs": "1.0.0",
        "@radix-ui/react-context": "1.0.0",
        "@radix-ui/react-direction": "1.0.0",
        "@radix-ui/react-id": "1.0.0",
        "@radix-ui/react-primitive": "1.0.0",
        "@radix-ui/react-use-callback-ref": "1.0.0",
        "@radix-ui/react-use-controllable-state": "1.0.0"
      },
      "peerDependencies": {
        "react": "^16.8 || ^17.0 || ^18.0",
        "react-dom": "^16.8 || ^17.0 || ^18.0"
      }
    },
    "node_modules/@radix-ui/react-slot": {
      "version": "1.0.0",
      "resolved": "https://registry.npmjs.org/@radix-ui/react-slot/-/react-slot-1.0.0.tgz",
      "integrity": "sha512-3mrKauI/tWXo1Ll+gN5dHcxDPdm/Df1ufcDLCecn+pnCIVcdWE7CujXo8QaXOWRJyZyQWWbpB8eFwHzWXlv5mQ==",
      "license": "MIT",
      "dependencies": {
        "@babel/runtime": "^7.13.10",
        "@radix-ui/react-compose-refs": "1.0.0"
      },
      "peerDependencies": {
        "react": "^16.8 || ^17.0 || ^18.0"
      }
    },
    "node_modules/@radix-ui/react-use-callback-ref": {
      "version": "1.0.0",
      "resolved": "https://registry.npmjs.org/@radix-ui/react-use-callback-ref/-/react-use-callback-ref-1.0.0.tgz",
      "integrity": "sha512-GZtyzoHz95Rhs6S63D2t/eqvdFCm7I+yHMLVQheKM7nBD8mbZIt+ct1jz4536MDnaOGKIxynJ8eHTkVGVVkoTg==",
      "license": "MIT",
      "dependencies": {
        "@babel/runtime": "^7.13.10"
      },
      "peerDependencies": {
        "react": "^16.8 || ^17.0 || ^18.0"
      }
    },
    "node_modules/@radix-ui/react-use-controllable-state": {
      "version": "1.0.0",
      "resolved": "https://registry.npmjs.org/@radix-ui/react-use-controllable-state/-/react-use-controllable-state-1.0.0.tgz",
      "integrity": "sha512-FohDoZvk3mEXh9AWAVyRTYR4Sq7/gavuofglmiXB2g1aKyboUD4YtgWxKj8O5n+Uak52gXQ4wKz5IFST4vtJHg==",
      "license": "MIT",
      "dependencies": {
        "@babel/runtime": "^7.13.10",
        "@radix-ui/react-use-callback-ref": "1.0.0"
      },
      "peerDependencies": {
        "react": "^16.8 || ^17.0 || ^18.0"
      }
    },
    "node_modules/@radix-ui/react-use-escape-keydown": {
      "version": "1.0.0",
      "resolved": "https://registry.npmjs.org/@radix-ui/react-use-escape-keydown/-/react-use-escape-keydown-1.0.0.tgz",
      "integrity": "sha512-JwfBCUIfhXRxKExgIqGa4CQsiMemo1Xt0W/B4ei3fpzpvPENKpMKQ8mZSB6Acj3ebrAEgi2xiQvcI1PAAodvyg==",
      "license": "MIT",
      "dependencies": {
        "@babel/runtime": "^7.13.10",
        "@radix-ui/react-use-callback-ref": "1.0.0"
      },
      "peerDependencies": {
        "react": "^16.8 || ^17.0 || ^18.0"
      }
    },
    "node_modules/@radix-ui/react-use-layout-effect": {
      "version": "1.0.0",
      "resolved": "https://registry.npmjs.org/@radix-ui/react-use-layout-effect/-/react-use-layout-effect-1.0.0.tgz",
      "integrity": "sha512-6Tpkq+R6LOlmQb1R5NNETLG0B4YP0wc+klfXafpUCj6JGyaUc8il7/kUZ7m59rGbXGczE9Bs+iz2qloqsZBduQ==",
      "license": "MIT",
      "dependencies": {
        "@babel/runtime": "^7.13.10"
      },
      "peerDependencies": {
        "react": "^16.8 || ^17.0 || ^18.0"
      }
    },
    "node_modules/@radix-ui/react-use-rect": {
      "version": "1.0.0",
      "resolved": "https://registry.npmjs.org/@radix-ui/react-use-rect/-/react-use-rect-1.0.0.tgz",
      "integrity": "sha512-TB7pID8NRMEHxb/qQJpvSt3hQU4sqNPM1VCTjTRjEOa7cEop/QMuq8S6fb/5Tsz64kqSvB9WnwsDHtjnrM9qew==",
      "license": "MIT",
      "dependencies": {
        "@babel/runtime": "^7.13.10",
        "@radix-ui/rect": "1.0.0"
      },
      "peerDependencies": {
        "react": "^16.8 || ^17.0 || ^18.0"
      }
    },
    "node_modules/@radix-ui/react-use-size": {
      "version": "1.0.0",
      "resolved": "https://registry.npmjs.org/@radix-ui/react-use-size/-/react-use-size-1.0.0.tgz",
      "integrity": "sha512-imZ3aYcoYCKhhgNpkNDh/aTiU05qw9hX+HHI1QDBTyIlcFjgeFlKKySNGMwTp7nYFLQg/j0VA2FmCY4WPDDHMg==",
      "license": "MIT",
      "dependencies": {
        "@babel/runtime": "^7.13.10",
        "@radix-ui/react-use-layout-effect": "1.0.0"
      },
      "peerDependencies": {
        "react": "^16.8 || ^17.0 || ^18.0"
      }
    },
    "node_modules/@radix-ui/rect": {
      "version": "1.0.0",
      "resolved": "https://registry.npmjs.org/@radix-ui/rect/-/rect-1.0.0.tgz",
      "integrity": "sha512-d0O68AYy/9oeEy1DdC07bz1/ZXX+DqCskRd3i4JzLSTXwefzaepQrKjXC7aNM8lTHjFLDO0pDgaEiQ7jEk+HVg==",
      "license": "MIT",
      "dependencies": {
        "@babel/runtime": "^7.13.10"
      }
    },
    "node_modules/@swc/counter": {
      "version": "0.1.3",
      "resolved": "https://registry.npmjs.org/@swc/counter/-/counter-0.1.3.tgz",
      "integrity": "sha512-e2BR4lsJkkRlKZ/qCHPw9ZaSxc0MVUd7gtbtaB7aMvHeJVYe8sOB8DBZkP2DtISHGSku9sCK6T6cnY0CtXrOCQ==",
      "license": "Apache-2.0"
    },
    "node_modules/@swc/helpers": {
      "version": "0.5.5",
      "resolved": "https://registry.npmjs.org/@swc/helpers/-/helpers-0.5.5.tgz",
      "integrity": "sha512-KGYxvIOXcceOAbEk4bi/dVLEK9z8sZ0uBB3Il5b1rhfClSpcX0yfRO0KmTkqR2cnQDymwLB+25ZyMzICg/cm/A==",
      "license": "Apache-2.0",
      "dependencies": {
        "@swc/counter": "^0.1.3",
        "tslib": "^2.4.0"
      }
    },
    "node_modules/@types/node": {
      "version": "18.19.74",
      "resolved": "https://registry.npmjs.org/@types/node/-/node-18.19.74.tgz",
      "integrity": "sha512-HMwEkkifei3L605gFdV+/UwtpxP6JSzM+xFk2Ia6DNFSwSVBRh9qp5Tgf4lNFOMfPVuU0WnkcWpXZpgn5ufO4A==",
      "license": "MIT",
      "dependencies": {
        "undici-types": "~5.26.4"
      }
    },
    "node_modules/@types/node-fetch": {
      "version": "2.6.12",
      "resolved": "https://registry.npmjs.org/@types/node-fetch/-/node-fetch-2.6.12.tgz",
      "integrity": "sha512-8nneRWKCg3rMtF69nLQJnOYUcbafYeFSjqkw3jCRLsqkWFlHaoQrr5mXmofFGOx3DKn7UfmBMyov8ySvLRVldA==",
      "license": "MIT",
      "dependencies": {
        "@types/node": "*",
        "form-data": "^4.0.0"
      }
    },
    "node_modules/abort-controller": {
      "version": "3.0.0",
      "resolved": "https://registry.npmjs.org/abort-controller/-/abort-controller-3.0.0.tgz",
      "integrity": "sha512-h8lQ8tacZYnR3vNQTgibj+tODHI5/+l06Au2Pcriv/Gmet0eaj4TwWH41sO9wnHDiQsEj19q0drzdWdeAHtweg==",
      "license": "MIT",
      "dependencies": {
        "event-target-shim": "^5.0.0"
      },
      "engines": {
        "node": ">=6.5"
      }
    },
    "node_modules/agentkeepalive": {
      "version": "4.6.0",
      "resolved": "https://registry.npmjs.org/agentkeepalive/-/agentkeepalive-4.6.0.tgz",
      "integrity": "sha512-kja8j7PjmncONqaTsB8fQ+wE2mSU2DJ9D4XKoJ5PFWIdRMa6SLSN1ff4mOr4jCbfRSsxR4keIiySJU0N9T5hIQ==",
      "license": "MIT",
      "dependencies": {
        "humanize-ms": "^1.2.1"
      },
      "engines": {
        "node": ">= 8.0.0"
      }
    },
    "node_modules/aria-hidden": {
      "version": "1.2.4",
      "resolved": "https://registry.npmjs.org/aria-hidden/-/aria-hidden-1.2.4.tgz",
      "integrity": "sha512-y+CcFFwelSXpLZk/7fMB2mUbGtX9lKycf1MWJ7CaTIERyitVlyQx6C+sxcROU2BAJ24OiZyK+8wj2i8AlBoS3A==",
      "license": "MIT",
      "dependencies": {
        "tslib": "^2.0.0"
      },
      "engines": {
        "node": ">=10"
      }
    },
    "node_modules/asynckit": {
      "version": "0.4.0",
      "resolved": "https://registry.npmjs.org/asynckit/-/asynckit-0.4.0.tgz",
      "integrity": "sha512-Oei9OH4tRh0YqU3GxhX79dM/mwVgvbZJaSNaRk+bshkj0S5cfHcgYakreBjrHwatXKbz+IoIdYLxrKim2MjW0Q==",
      "license": "MIT"
    },
    "node_modules/busboy": {
      "version": "1.6.0",
      "resolved": "https://registry.npmjs.org/busboy/-/busboy-1.6.0.tgz",
      "integrity": "sha512-8SFQbg/0hQ9xy3UNTB0YEnsNBbWfhf7RtnzpL7TkBiTBRfrQ9Fxcnz7VJsleJpyp6rVLvXiuORqjlHi5q+PYuA==",
      "dependencies": {
        "streamsearch": "^1.1.0"
      },
      "engines": {
        "node": ">=10.16.0"
      }
    },
    "node_modules/caniuse-lite": {
      "version": "1.0.30001696",
      "resolved": "https://registry.npmjs.org/caniuse-lite/-/caniuse-lite-1.0.30001696.tgz",
      "integrity": "sha512-pDCPkvzfa39ehJtJ+OwGT/2yvT2SbjfHhiIW2LWOAcMQ7BzwxT/XuyUp4OTOd0XFWA6BKw0JalnBHgSi5DGJBQ==",
      "funding": [
        {
          "type": "opencollective",
          "url": "https://opencollective.com/browserslist"
        },
        {
          "type": "tidelift",
          "url": "https://tidelift.com/funding/github/npm/caniuse-lite"
        },
        {
          "type": "github",
          "url": "https://github.com/sponsors/ai"
        }
      ],
      "license": "CC-BY-4.0"
    },
    "node_modules/class-variance-authority": {
      "version": "0.7.1",
      "resolved": "https://registry.npmjs.org/class-variance-authority/-/class-variance-authority-0.7.1.tgz",
      "integrity": "sha512-Ka+9Trutv7G8M6WT6SeiRWz792K5qEqIGEGzXKhAE6xOWAY6pPH8U+9IY3oCMv6kqTmLsv7Xh/2w2RigkePMsg==",
      "license": "Apache-2.0",
      "dependencies": {
        "clsx": "^2.1.1"
      },
      "funding": {
        "url": "https://polar.sh/cva"
      }
    },
    "node_modules/client-only": {
      "version": "0.0.1",
      "resolved": "https://registry.npmjs.org/client-only/-/client-only-0.0.1.tgz",
      "integrity": "sha512-IV3Ou0jSMzZrd3pZ48nLkT9DA7Ag1pnPzaiQhpW7c3RbcqqzvzzVu+L8gfqMp/8IM2MQtSiqaCxrrcfu8I8rMA==",
      "license": "MIT"
    },
    "node_modules/clsx": {
      "version": "2.1.1",
      "resolved": "https://registry.npmjs.org/clsx/-/clsx-2.1.1.tgz",
      "integrity": "sha512-eYm0QWBtUrBWZWG0d386OGAw16Z995PiOVo2B7bjWSbHedGl5e0ZWaq65kOGgUSNesEIDkB9ISbTg/JK9dhCZA==",
      "license": "MIT",
      "engines": {
        "node": ">=6"
      }
    },
    "node_modules/combined-stream": {
      "version": "1.0.8",
      "resolved": "https://registry.npmjs.org/combined-stream/-/combined-stream-1.0.8.tgz",
      "integrity": "sha512-FQN4MRfuJeHf7cBbBMJFXhKSDq+2kAArBlmRBvcvFE5BB1HZKXtSFASDhdlz9zOYwxh8lDdnvmMOe/+5cdoEdg==",
      "license": "MIT",
      "dependencies": {
        "delayed-stream": "~1.0.0"
      },
      "engines": {
        "node": ">= 0.8"
      }
    },
    "node_modules/delayed-stream": {
      "version": "1.0.0",
      "resolved": "https://registry.npmjs.org/delayed-stream/-/delayed-stream-1.0.0.tgz",
      "integrity": "sha512-ZySD7Nf91aLB0RxL4KGrKHBXl7Eds1DAmEdcoVawXnLD7SDhpNgtuII2aAkg7a7QS41jxPSZ17p4VdGnMHk3MQ==",
      "license": "MIT",
      "engines": {
        "node": ">=0.4.0"
      }
    },
    "node_modules/detect-node-es": {
      "version": "1.1.0",
      "resolved": "https://registry.npmjs.org/detect-node-es/-/detect-node-es-1.1.0.tgz",
      "integrity": "sha512-ypdmJU/TbBby2Dxibuv7ZLW3Bs1QEmM7nHjEANfohJLvE0XVujisn1qPJcZxg+qDucsr+bP6fLD1rPS3AhJ7EQ==",
      "license": "MIT"
    },
    "node_modules/event-target-shim": {
      "version": "5.0.1",
      "resolved": "https://registry.npmjs.org/event-target-shim/-/event-target-shim-5.0.1.tgz",
      "integrity": "sha512-i/2XbnSz/uxRCU6+NdVJgKWDTM427+MqYbkQzD321DuCQJUqOuJKIA0IM2+W2xtYHdKOmZ4dR6fExsd4SXL+WQ==",
      "license": "MIT",
      "engines": {
        "node": ">=6"
      }
    },
    "node_modules/form-data": {
      "version": "4.0.1",
      "resolved": "https://registry.npmjs.org/form-data/-/form-data-4.0.1.tgz",
      "integrity": "sha512-tzN8e4TX8+kkxGPK8D5u0FNmjPUjw3lwC9lSLxxoB/+GtsJG91CO8bSWy73APlgAZzZbXEYZJuxjkHH2w+Ezhw==",
      "license": "MIT",
      "dependencies": {
        "asynckit": "^0.4.0",
        "combined-stream": "^1.0.8",
        "mime-types": "^2.1.12"
      },
      "engines": {
        "node": ">= 6"
      }
    },
    "node_modules/form-data-encoder": {
      "version": "1.7.2",
      "resolved": "https://registry.npmjs.org/form-data-encoder/-/form-data-encoder-1.7.2.tgz",
      "integrity": "sha512-qfqtYan3rxrnCk1VYaA4H+Ms9xdpPqvLZa6xmMgFvhO32x7/3J/ExcTd6qpxM0vH2GdMI+poehyBZvqfMTto8A==",
      "license": "MIT"
    },
    "node_modules/formdata-node": {
      "version": "4.4.1",
      "resolved": "https://registry.npmjs.org/formdata-node/-/formdata-node-4.4.1.tgz",
      "integrity": "sha512-0iirZp3uVDjVGt9p49aTaqjk84TrglENEDuqfdlZQ1roC9CWlPk6Avf8EEnZNcAqPonwkG35x4n3ww/1THYAeQ==",
      "license": "MIT",
      "dependencies": {
        "node-domexception": "1.0.0",
        "web-streams-polyfill": "4.0.0-beta.3"
      },
      "engines": {
        "node": ">= 12.20"
      }
    },
    "node_modules/get-nonce": {
      "version": "1.0.1",
      "resolved": "https://registry.npmjs.org/get-nonce/-/get-nonce-1.0.1.tgz",
      "integrity": "sha512-FJhYRoDaiatfEkUK8HKlicmu/3SGFD51q3itKDGoSTysQJBnfOcxU5GxnhE1E6soB76MbT0MBtnKJuXyAx+96Q==",
      "license": "MIT",
      "engines": {
        "node": ">=6"
      }
    },
    "node_modules/graceful-fs": {
      "version": "4.2.11",
      "resolved": "https://registry.npmjs.org/graceful-fs/-/graceful-fs-4.2.11.tgz",
      "integrity": "sha512-RbJ5/jmFcNNCcDV5o9eTnBLJ/HszWV0P73bc+Ff4nS/rJj+YaS6IGyiOL0VoBYX+l1Wrl3k63h/KrH+nhJ0XvQ==",
      "license": "ISC"
    },
    "node_modules/humanize-ms": {
      "version": "1.2.1",
      "resolved": "https://registry.npmjs.org/humanize-ms/-/humanize-ms-1.2.1.tgz",
      "integrity": "sha512-Fl70vYtsAFb/C06PTS9dZBo7ihau+Tu/DNCk/OyHhea07S+aeMWpFFkUaXRa8fI+ScZbEI8dfSxwY7gxZ9SAVQ==",
      "license": "MIT",
      "dependencies": {
        "ms": "^2.0.0"
      }
    },
    "node_modules/js-tokens": {
      "version": "4.0.0",
      "resolved": "https://registry.npmjs.org/js-tokens/-/js-tokens-4.0.0.tgz",
      "integrity": "sha512-RdJUflcE3cUzKiMqQgsCu06FPu9UdIJO0beYbPhHN4k6apgJtifcoCtT9bcxOpYBtpD2kCM6Sbzg4CausW/PKQ==",
      "license": "MIT"
    },
    "node_modules/loose-envify": {
      "version": "1.4.0",
      "resolved": "https://registry.npmjs.org/loose-envify/-/loose-envify-1.4.0.tgz",
      "integrity": "sha512-lyuxPGr/Wfhrlem2CL/UcnUc1zcqKAImBDzukY7Y5F/yQiNdko6+fRLevlw1HgMySw7f611UIY408EtxRSoK3Q==",
      "license": "MIT",
      "dependencies": {
        "js-tokens": "^3.0.0 || ^4.0.0"
      },
      "bin": {
        "loose-envify": "cli.js"
      }
    },
    "node_modules/mime-db": {
      "version": "1.52.0",
      "resolved": "https://registry.npmjs.org/mime-db/-/mime-db-1.52.0.tgz",
      "integrity": "sha512-sPU4uV7dYlvtWJxwwxHD0PuihVNiE7TyAbQ5SWxDCB9mUYvOgroQOwYQQOKPJ8CIbE+1ETVlOoK1UC2nU3gYvg==",
      "license": "MIT",
      "engines": {
        "node": ">= 0.6"
      }
    },
    "node_modules/mime-types": {
      "version": "2.1.35",
      "resolved": "https://registry.npmjs.org/mime-types/-/mime-types-2.1.35.tgz",
      "integrity": "sha512-ZDY+bPm5zTTF+YpCrAU9nK0UgICYPT0QtT1NZWFv4s++TNkcgVaT0g6+4R2uI4MjQjzysHB1zxuWL50hzaeXiw==",
      "license": "MIT",
      "dependencies": {
        "mime-db": "1.52.0"
      },
      "engines": {
        "node": ">= 0.6"
      }
    },
    "node_modules/ms": {
      "version": "2.1.3",
      "resolved": "https://registry.npmjs.org/ms/-/ms-2.1.3.tgz",
      "integrity": "sha512-6FlzubTLZG3J2a/NVCAleEhjzq5oxgHyaCU9yYXvcLsvoVaHJq/s5xXI6/XXP6tz7R9xAOtHnSO/tXtF3WRTlA==",
      "license": "MIT"
    },
    "node_modules/nanoid": {
      "version": "3.3.8",
      "resolved": "https://registry.npmjs.org/nanoid/-/nanoid-3.3.8.tgz",
      "integrity": "sha512-WNLf5Sd8oZxOm+TzppcYk8gVOgP+l58xNy58D0nbUnOxOWRWvlcCV4kUF7ltmI6PsrLl/BgKEyS4mqsGChFN0w==",
      "funding": [
        {
          "type": "github",
          "url": "https://github.com/sponsors/ai"
        }
      ],
      "license": "MIT",
      "bin": {
        "nanoid": "bin/nanoid.cjs"
      },
      "engines": {
        "node": "^10 || ^12 || ^13.7 || ^14 || >=15.0.1"
      }
    },
    "node_modules/next": {
      "version": "14.2.23",
      "resolved": "https://registry.npmjs.org/next/-/next-14.2.23.tgz",
      "integrity": "sha512-mjN3fE6u/tynneLiEg56XnthzuYw+kD7mCujgVqioxyPqbmiotUCGJpIZGS/VaPg3ZDT1tvWxiVyRzeqJFm/kw==",
      "license": "MIT",
      "dependencies": {
        "@next/env": "14.2.23",
        "@swc/helpers": "0.5.5",
        "busboy": "1.6.0",
        "caniuse-lite": "^1.0.30001579",
        "graceful-fs": "^4.2.11",
        "postcss": "8.4.31",
        "styled-jsx": "5.1.1"
      },
      "bin": {
        "next": "dist/bin/next"
      },
      "engines": {
        "node": ">=18.17.0"
      },
      "optionalDependencies": {
        "@next/swc-darwin-arm64": "14.2.23",
        "@next/swc-darwin-x64": "14.2.23",
        "@next/swc-linux-arm64-gnu": "14.2.23",
        "@next/swc-linux-arm64-musl": "14.2.23",
        "@next/swc-linux-x64-gnu": "14.2.23",
        "@next/swc-linux-x64-musl": "14.2.23",
        "@next/swc-win32-arm64-msvc": "14.2.23",
        "@next/swc-win32-ia32-msvc": "14.2.23",
        "@next/swc-win32-x64-msvc": "14.2.23"
      },
      "peerDependencies": {
        "@opentelemetry/api": "^1.1.0",
        "@playwright/test": "^1.41.2",
        "react": "^18.2.0",
        "react-dom": "^18.2.0",
        "sass": "^1.3.0"
      },
      "peerDependenciesMeta": {
        "@opentelemetry/api": {
          "optional": true
        },
        "@playwright/test": {
          "optional": true
        },
        "sass": {
          "optional": true
        }
      }
    },
    "node_modules/node-domexception": {
      "version": "1.0.0",
      "resolved": "https://registry.npmjs.org/node-domexception/-/node-domexception-1.0.0.tgz",
      "integrity": "sha512-/jKZoMpw0F8GRwl4/eLROPA3cfcXtLApP0QzLmUT/HuPCZWyB7IY9ZrMeKw2O/nFIqPQB3PVM9aYm0F312AXDQ==",
      "funding": [
        {
          "type": "github",
          "url": "https://github.com/sponsors/jimmywarting"
        },
        {
          "type": "github",
          "url": "https://paypal.me/jimmywarting"
        }
      ],
      "license": "MIT",
      "engines": {
        "node": ">=10.5.0"
      }
    },
    "node_modules/node-fetch": {
      "version": "2.7.0",
      "resolved": "https://registry.npmjs.org/node-fetch/-/node-fetch-2.7.0.tgz",
      "integrity": "sha512-c4FRfUm/dbcWZ7U+1Wq0AwCyFL+3nt2bEw05wfxSz+DWpWsitgmSgYmy2dQdWyKC1694ELPqMs/YzUSNozLt8A==",
      "license": "MIT",
      "dependencies": {
        "whatwg-url": "^5.0.0"
      },
      "engines": {
        "node": "4.x || >=6.0.0"
      },
      "peerDependencies": {
        "encoding": "^0.1.0"
      },
      "peerDependenciesMeta": {
        "encoding": {
          "optional": true
        }
      }
    },
    "node_modules/openai": {
      "version": "4.81.0",
      "resolved": "https://registry.npmjs.org/openai/-/openai-4.81.0.tgz",
      "integrity": "sha512-lXkFkV+He3O6RGnldHncRGef4uWHssDsAVwN5I3bWcgIdDPy/w8vgtIAwvZxAj49m4WiwWVD0+eGTJ9xOv/ISA==",
      "license": "Apache-2.0",
      "dependencies": {
        "@types/node": "^18.11.18",
        "@types/node-fetch": "^2.6.4",
        "abort-controller": "^3.0.0",
        "agentkeepalive": "^4.2.1",
        "form-data-encoder": "1.7.2",
        "formdata-node": "^4.3.2",
        "node-fetch": "^2.6.7"
      },
      "bin": {
        "openai": "bin/cli"
      },
      "peerDependencies": {
        "ws": "^8.18.0",
        "zod": "^3.23.8"
      },
      "peerDependenciesMeta": {
        "ws": {
          "optional": true
        },
        "zod": {
          "optional": true
        }
      }
    },
    "node_modules/picocolors": {
      "version": "1.1.1",
      "resolved": "https://registry.npmjs.org/picocolors/-/picocolors-1.1.1.tgz",
      "integrity": "sha512-xceH2snhtb5M9liqDsmEw56le376mTZkEX/jEb/RxNFyegNul7eNslCXP9FDj/Lcu0X8KEyMceP2ntpaHrDEVA==",
      "license": "ISC"
    },
    "node_modules/postcss": {
      "version": "8.4.31",
      "resolved": "https://registry.npmjs.org/postcss/-/postcss-8.4.31.tgz",
      "integrity": "sha512-PS08Iboia9mts/2ygV3eLpY5ghnUcfLV/EXTOW1E2qYxJKGGBUtNjN76FYHnMs36RmARn41bC0AZmn+rR0OVpQ==",
      "funding": [
        {
          "type": "opencollective",
          "url": "https://opencollective.com/postcss/"
        },
        {
          "type": "tidelift",
          "url": "https://tidelift.com/funding/github/npm/postcss"
        },
        {
          "type": "github",
          "url": "https://github.com/sponsors/ai"
        }
      ],
      "license": "MIT",
      "dependencies": {
        "nanoid": "^3.3.6",
        "picocolors": "^1.0.0",
        "source-map-js": "^1.0.2"
      },
      "engines": {
        "node": "^10 || ^12 || >=14"
      }
    },
    "node_modules/react": {
      "version": "18.3.1",
      "resolved": "https://registry.npmjs.org/react/-/react-18.3.1.tgz",
      "integrity": "sha512-wS+hAgJShR0KhEvPJArfuPVN1+Hz1t0Y6n5jLrGQbkb4urgPE/0Rve+1kMB1v/oWgHgm4WIcV+i7F2pTVj+2iQ==",
      "license": "MIT",
      "dependencies": {
        "loose-envify": "^1.1.0"
      },
      "engines": {
        "node": ">=0.10.0"
      }
    },
    "node_modules/react-dom": {
      "version": "18.3.1",
      "resolved": "https://registry.npmjs.org/react-dom/-/react-dom-18.3.1.tgz",
      "integrity": "sha512-5m4nQKp+rZRb09LNH59GM4BxTh9251/ylbKIbpe7TpGxfJ+9kv6BLkLBXIjjspbgbnIBNqlI23tRnTWT0snUIw==",
      "license": "MIT",
      "dependencies": {
        "loose-envify": "^1.1.0",
        "scheduler": "^0.23.2"
      },
      "peerDependencies": {
        "react": "^18.3.1"
      }
    },
    "node_modules/react-remove-scroll": {
      "version": "2.5.4",
      "resolved": "https://registry.npmjs.org/react-remove-scroll/-/react-remove-scroll-2.5.4.tgz",
      "integrity": "sha512-xGVKJJr0SJGQVirVFAUZ2k1QLyO6m+2fy0l8Qawbp5Jgrv3DeLalrfMNBFSlmz5kriGGzsVBtGVnf4pTKIhhWA==",
      "license": "MIT",
      "dependencies": {
        "react-remove-scroll-bar": "^2.3.3",
        "react-style-singleton": "^2.2.1",
        "tslib": "^2.1.0",
        "use-callback-ref": "^1.3.0",
        "use-sidecar": "^1.1.2"
      },
      "engines": {
        "node": ">=10"
      },
      "peerDependencies": {
        "@types/react": "^16.8.0 || ^17.0.0 || ^18.0.0",
        "react": "^16.8.0 || ^17.0.0 || ^18.0.0"
      },
      "peerDependenciesMeta": {
        "@types/react": {
          "optional": true
        }
      }
    },
    "node_modules/react-remove-scroll-bar": {
      "version": "2.3.8",
      "resolved": "https://registry.npmjs.org/react-remove-scroll-bar/-/react-remove-scroll-bar-2.3.8.tgz",
      "integrity": "sha512-9r+yi9+mgU33AKcj6IbT9oRCO78WriSj6t/cF8DWBZJ9aOGPOTEDvdUDz1FwKim7QXWwmHqtdHnRJfhAxEG46Q==",
      "license": "MIT",
      "dependencies": {
        "react-style-singleton": "^2.2.2",
        "tslib": "^2.0.0"
      },
      "engines": {
        "node": ">=10"
      },
      "peerDependencies": {
        "@types/react": "*",
        "react": "^16.8.0 || ^17.0.0 || ^18.0.0 || ^19.0.0"
      },
      "peerDependenciesMeta": {
        "@types/react": {
          "optional": true
        }
      }
    },
    "node_modules/react-style-singleton": {
      "version": "2.2.3",
      "resolved": "https://registry.npmjs.org/react-style-singleton/-/react-style-singleton-2.2.3.tgz",
      "integrity": "sha512-b6jSvxvVnyptAiLjbkWLE/lOnR4lfTtDAl+eUC7RZy+QQWc6wRzIV2CE6xBuMmDxc2qIihtDCZD5NPOFl7fRBQ==",
      "license": "MIT",
      "dependencies": {
        "get-nonce": "^1.0.0",
        "tslib": "^2.0.0"
      },
      "engines": {
        "node": ">=10"
      },
      "peerDependencies": {
        "@types/react": "*",
        "react": "^16.8.0 || ^17.0.0 || ^18.0.0 || ^19.0.0 || ^19.0.0-rc"
      },
      "peerDependenciesMeta": {
        "@types/react": {
          "optional": true
        }
      }
    },
    "node_modules/regenerator-runtime": {
      "version": "0.14.1",
      "resolved": "https://registry.npmjs.org/regenerator-runtime/-/regenerator-runtime-0.14.1.tgz",
      "integrity": "sha512-dYnhHh0nJoMfnkZs6GmmhFknAGRrLznOu5nc9ML+EJxGvrx6H7teuevqVqCuPcPK//3eDrrjQhehXVx9cnkGdw==",
      "license": "MIT"
    },
    "node_modules/scheduler": {
      "version": "0.23.2",
      "resolved": "https://registry.npmjs.org/scheduler/-/scheduler-0.23.2.tgz",
      "integrity": "sha512-UOShsPwz7NrMUqhR6t0hWjFduvOzbtv7toDH1/hIrfRNIDBnnBWd0CwJTGvTpngVlmwGCdP9/Zl/tVrDqcuYzQ==",
      "license": "MIT",
      "dependencies": {
        "loose-envify": "^1.1.0"
      }
    },
    "node_modules/source-map-js": {
      "version": "1.2.1",
      "resolved": "https://registry.npmjs.org/source-map-js/-/source-map-js-1.2.1.tgz",
      "integrity": "sha512-UXWMKhLOwVKb728IUtQPXxfYU+usdybtUrK/8uGE8CQMvrhOpwvzDBwj0QhSL7MQc7vIsISBG8VQ8+IDQxpfQA==",
      "license": "BSD-3-Clause",
      "engines": {
        "node": ">=0.10.0"
      }
    },
    "node_modules/streamsearch": {
      "version": "1.1.0",
      "resolved": "https://registry.npmjs.org/streamsearch/-/streamsearch-1.1.0.tgz",
      "integrity": "sha512-Mcc5wHehp9aXz1ax6bZUyY5afg9u2rv5cqQI3mRrYkGC8rW2hM02jWuwjtL++LS5qinSyhj2QfLyNsuc+VsExg==",
      "engines": {
        "node": ">=10.0.0"
      }
    },
    "node_modules/styled-jsx": {
      "version": "5.1.1",
      "resolved": "https://registry.npmjs.org/styled-jsx/-/styled-jsx-5.1.1.tgz",
      "integrity": "sha512-pW7uC1l4mBZ8ugbiZrcIsiIvVx1UmTfw7UkC3Um2tmfUq9Bhk8IiyEIPl6F8agHgjzku6j0xQEZbfA5uSgSaCw==",
      "license": "MIT",
      "dependencies": {
        "client-only": "0.0.1"
      },
      "engines": {
        "node": ">= 12.0.0"
      },
      "peerDependencies": {
        "react": ">= 16.8.0 || 17.x.x || ^18.0.0-0"
      },
      "peerDependenciesMeta": {
        "@babel/core": {
          "optional": true
        },
        "babel-plugin-macros": {
          "optional": true
        }
      }
    },
    "node_modules/tailwind-merge": {
      "version": "2.6.0",
      "resolved": "https://registry.npmjs.org/tailwind-merge/-/tailwind-merge-2.6.0.tgz",
      "integrity": "sha512-P+Vu1qXfzediirmHOC3xKGAYeZtPcV9g76X+xg2FD4tYgR71ewMA35Y3sCz3zhiN/dwefRpJX0yBcgwi1fXNQA==",
      "license": "MIT",
      "funding": {
        "type": "github",
        "url": "https://github.com/sponsors/dcastil"
      }
    },
    "node_modules/tr46": {
      "version": "0.0.3",
      "resolved": "https://registry.npmjs.org/tr46/-/tr46-0.0.3.tgz",
      "integrity": "sha512-N3WMsuqV66lT30CrXNbEjx4GEwlow3v6rr4mCcv6prnfwhS01rkgyFdjPNBYd9br7LpXV1+Emh01fHnq2Gdgrw==",
      "license": "MIT"
    },
    "node_modules/tslib": {
      "version": "2.8.1",
      "resolved": "https://registry.npmjs.org/tslib/-/tslib-2.8.1.tgz",
      "integrity": "sha512-oJFu94HQb+KVduSUQL7wnpmqnfmLsOA/nAh6b6EH0wCEoK0/mPeXU6c3wKDV83MkOuHPRHtSXKKU99IBazS/2w==",
      "license": "0BSD"
    },
    "node_modules/undici-types": {
      "version": "5.26.5",
      "resolved": "https://registry.npmjs.org/undici-types/-/undici-types-5.26.5.tgz",
      "integrity": "sha512-JlCMO+ehdEIKqlFxk6IfVoAUVmgz7cU7zD/h9XZ0qzeosSHmUJVOzSQvvYSYWXkFXC+IfLKSIffhv0sVZup6pA==",
      "license": "MIT"
    },
    "node_modules/use-callback-ref": {
      "version": "1.3.3",
      "resolved": "https://registry.npmjs.org/use-callback-ref/-/use-callback-ref-1.3.3.tgz",
      "integrity": "sha512-jQL3lRnocaFtu3V00JToYz/4QkNWswxijDaCVNZRiRTO3HQDLsdu1ZtmIUvV4yPp+rvWm5j0y0TG/S61cuijTg==",
      "license": "MIT",
      "dependencies": {
        "tslib": "^2.0.0"
      },
      "engines": {
        "node": ">=10"
      },
      "peerDependencies": {
        "@types/react": "*",
        "react": "^16.8.0 || ^17.0.0 || ^18.0.0 || ^19.0.0 || ^19.0.0-rc"
      },
      "peerDependenciesMeta": {
        "@types/react": {
          "optional": true
        }
      }
    },
    "node_modules/use-isomorphic-layout-effect": {
      "version": "1.2.0",
      "resolved": "https://registry.npmjs.org/use-isomorphic-layout-effect/-/use-isomorphic-layout-effect-1.2.0.tgz",
      "integrity": "sha512-q6ayo8DWoPZT0VdG4u3D3uxcgONP3Mevx2i2b0434cwWBoL+aelL1DzkXI6w3PhTZzUeR2kaVlZn70iCiseP6w==",
      "license": "MIT",
      "peerDependencies": {
        "react": "^16.8.0 || ^17.0.0 || ^18.0.0 || ^19.0.0"
      },
      "peerDependenciesMeta": {
        "@types/react": {
          "optional": true
        }
      }
    },
    "node_modules/use-sidecar": {
      "version": "1.1.3",
      "resolved": "https://registry.npmjs.org/use-sidecar/-/use-sidecar-1.1.3.tgz",
      "integrity": "sha512-Fedw0aZvkhynoPYlA5WXrMCAMm+nSWdZt6lzJQ7Ok8S6Q+VsHmHpRWndVRJ8Be0ZbkfPc5LRYH+5XrzXcEeLRQ==",
      "license": "MIT",
      "dependencies": {
        "detect-node-es": "^1.1.0",
        "tslib": "^2.0.0"
      },
      "engines": {
        "node": ">=10"
      },
      "peerDependencies": {
        "@types/react": "*",
        "react": "^16.8.0 || ^17.0.0 || ^18.0.0 || ^19.0.0 || ^19.0.0-rc"
      },
      "peerDependenciesMeta": {
        "@types/react": {
          "optional": true
        }
      }
    },
    "node_modules/web-streams-polyfill": {
      "version": "4.0.0-beta.3",
      "resolved": "https://registry.npmjs.org/web-streams-polyfill/-/web-streams-polyfill-4.0.0-beta.3.tgz",
      "integrity": "sha512-QW95TCTaHmsYfHDybGMwO5IJIM93I/6vTRk+daHTWFPhwh+C8Cg7j7XyKrwrj8Ib6vYXe0ocYNrmzY4xAAN6ug==",
      "license": "MIT",
      "engines": {
        "node": ">= 14"
      }
    },
    "node_modules/webidl-conversions": {
      "version": "3.0.1",
      "resolved": "https://registry.npmjs.org/webidl-conversions/-/webidl-conversions-3.0.1.tgz",
      "integrity": "sha512-2JAn3z8AR6rjK8Sm8orRC0h/bcl/DqL7tRPdGZ4I1CjdF+EaMLmYxBHyXuKL849eucPFhvBoxMsflfOb8kxaeQ==",
      "license": "BSD-2-Clause"
    },
    "node_modules/whatwg-url": {
      "version": "5.0.0",
      "resolved": "https://registry.npmjs.org/whatwg-url/-/whatwg-url-5.0.0.tgz",
      "integrity": "sha512-saE57nupxk6v3HY35+jzBwYa0rKSy0XR8JSxZPwgLr7ys0IBzhGviA1/TUGJLmSVqs8pb9AnvICXEuOHLprYTw==",
      "license": "MIT",
      "dependencies": {
        "tr46": "~0.0.3",
        "webidl-conversions": "^3.0.0"
      }
    }
  }
}
